
Microsoft Visual Studio Solution File, Format Version 12.00
# Visual Studio Version 17
VisualStudioVersion = 17.2.32616.157
MinimumVisualStudioVersion = 10.0.40219.1
Project("{9A19103F-16F7-4668-BE54-9A1E7A4F7556}") = "Asp.NET.Core.UserSecrets", "ASP.NET.Core.UserSecrets\Asp.NET.Core.UserSecrets.csproj", "{5FF715BD-606A-4EE0-9CDA-B4586AC8C967}"
EndProject
Project("{FAE04EC0-301F-11D3-BF4B-00C04F79EFBC}") = "Console.UserSecrets", "Console.UserSecrets\Console.UserSecrets.csproj", "{325AF8EB-28B6-4153-9249-AB7CA4F94B82}"
EndProject
Global
	GlobalSection(SolutionConfigurationPlatforms) = preSolution
		Debug|Any CPU = Debug|Any CPU
		Release|Any CPU = Release|Any CPU
	EndGlobalSection
	GlobalSection(ProjectConfigurationPlatforms) = postSolution
		{5FF715BD-606A-4EE0-9CDA-B4586AC8C967}.Debug|Any CPU.ActiveCfg = Debug|Any CPU
		{5FF715BD-606A-4EE0-9CDA-B4586AC8C967}.Debug|Any CPU.Build.0 = Debug|Any CPU
		{5FF715BD-606A-4EE0-9CDA-B4586AC8C967}.Release|Any CPU.ActiveCfg = Release|Any CPU
		{5FF715BD-606A-4EE0-9CDA-B4586AC8C967}.Release|Any CPU.Build.0 = Release|Any CPU
		{325AF8EB-28B6-4153-9249-AB7CA4F94B82}.Debug|Any CPU.ActiveCfg = Debug|Any CPU
		{325AF8EB-28B6-4153-9249-AB7CA4F94B82}.Debug|Any CPU.Build.0 = Debug|Any CPU
		{325AF8EB-28B6-4153-9249-AB7CA4F94B82}.Release|Any CPU.ActiveCfg = Release|Any CPU
		{325AF8EB-28B6-4153-9249-AB7CA4F94B82}.Release|Any CPU.Build.0 = Release|Any CPU
	EndGlobalSection
	GlobalSection(SolutionProperties) = preSolution
		HideSolutionNode = FALSE
	EndGlobalSection
	GlobalSection(ExtensibilityGlobals) = postSolution
		SolutionGuid = {6C41E2D5-3BEF-4513-A7A4-61372855FE06}
	EndGlobalSection
EndGlobal
